
Microsoft Visual Studio Solution File, Format Version 12.00
# Visual Studio Version 17
VisualStudioVersion = 17.0.31903.59
MinimumVisualStudioVersion = 10.0.40219.1
Project("{FAE04EC0-301F-11D3-BF4B-00C04F79EFBC}") = "MinhaDemoMvc", "MinhaDemoMvc\MinhaDemoMvc.csproj", "{8290CBB4-C122-4783-A9CD-1573D8B56E8F}"
EndProject
Global
	GlobalSection(SolutionConfigurationPlatforms) = preSolution
		Debug|Any CPU = Debug|Any CPU
		Release|Any CPU = Release|Any CPU
	EndGlobalSection
	GlobalSection(ProjectConfigurationPlatforms) = postSolution
		{8290CBB4-C122-4783-A9CD-1573D8B56E8F}.Debug|Any CPU.ActiveCfg = Debug|Any CPU
		{8290CBB4-C122-4783-A9CD-1573D8B56E8F}.Debug|Any CPU.Build.0 = Debug|Any CPU
		{8290CBB4-C122-4783-A9CD-1573D8B56E8F}.Release|Any CPU.ActiveCfg = Release|Any CPU
		{8290CBB4-C122-4783-A9CD-1573D8B56E8F}.Release|Any CPU.Build.0 = Release|Any CPU
	EndGlobalSection
	GlobalSection(SolutionProperties) = preSolution
		HideSolutionNode = FALSE
	EndGlobalSection
	GlobalSection(ExtensibilityGlobals) = postSolution
		SolutionGuid = {95501847-A4A8-4DEC-8BC1-DA3C64D2AAA1}
	EndGlobalSection
EndGlobal
